{
  "nodes": {
    "disko": {
      "inputs": {
        "nixpkgs": [
          "nixpkgs"
        ]
      },
      "locked": {
        "lastModified": 1691339339,
        "narHash": "sha256-wNiTX1c3kZy7BSxWodbn+mem1zCx1wIsdDRDFcIfOkc=",
        "owner": "nix-community",
        "repo": "disko",
        "rev": "493b347d8fffa6912afb8d89b91703cd40ff6038",
        "type": "github"
      },
      "original": {
        "owner": "nix-community",
        "repo": "disko",
        "type": "github"
      }
    },
    "nixpkgs": {
      "locked": {
        "lastModified": 1691252436,
        "narHash": "sha256-SKKPKYOnFcwqECehxoFBMLv29CZXC5qCDuETSuXd82g=",
        "owner": "nixos",
        "repo": "nixpkgs",
        "rev": "9607b9149c9d81fdf3dc4f3bcc278da146ffbd77",
        "type": "github"
      },
      "original": {
        "owner": "nixos",
        "ref": "nixos-23.05",
        "repo": "nixpkgs",
        "type": "github"
      }
    },
    "rnl-config": {
      "inputs": {
        "nixpkgs": [
          "nixpkgs"
        ]
      },
      "locked": {
        "lastModified": 1690674874,
        "narHash": "sha256-TKj+0vqDsgR3PnzzeH+nkAcuX+xXY2wxmX8UUav/jFA=",
        "ref": "refs/heads/master",
        "rev": "8eb3fa6031fd8e12263740d99b2add42576c5606",
        "revCount": 3,
        "type": "git",
        "url": "file:///home/nalves599/Documents/RNL/Infra/nixos-private-config/"
      },
      "original": {
        "type": "git",
        "url": "file:///home/nalves599/Documents/RNL/Infra/nixos-private-config/"
      }
    },
    "root": {
      "inputs": {
        "disko": "disko",
        "nixpkgs": "nixpkgs",
        "rnl-config": "rnl-config",
        "unstable": "unstable"
      }
    },
    "unstable": {
      "locked": {
        "lastModified": 1691276849,
        "narHash": "sha256-RNnrzxhW38SOFIF6TY/WaX7VB3PCkYFEeRE5YZU+wHw=",
        "owner": "nixos",
        "repo": "nixpkgs",
        "rev": "5faab29808a2d72f4ee0c44c8e850e4e6ada972f",
        "type": "github"
      },
      "original": {
        "owner": "nixos",
        "ref": "nixos-unstable",
        "repo": "nixpkgs",
        "type": "github"
      }
    }
  },
  "root": "root",
  "version": 7
}
