{
  "nodes": {
    "nixpkgs": {
      "locked": {
        "lastModified": 1689326639,
        "narHash": "sha256-79zi0t83Dcc2dE0NuYZ+2hqtKXZN1yWVq5mtx8D2d7Y=",
        "owner": "nixos",
        "repo": "nixpkgs",
        "rev": "9fdfaeb7b96f05e869f838c73cde8d98c640c649",
        "type": "github"
      },
      "original": {
        "owner": "nixos",
        "ref": "nixos-23.05",
        "repo": "nixpkgs",
        "type": "github"
      }
    },
    "root": {
      "inputs": {
        "nixpkgs": "nixpkgs",
        "unstable": "unstable"
      }
    },
    "unstable": {
      "locked": {
        "lastModified": 1689444953,
        "narHash": "sha256-0o56bfb2LC38wrinPdCGLDScd77LVcr7CrH1zK7qvDg=",
        "owner": "nixos",
        "repo": "nixpkgs",
        "rev": "8acef304efe70152463a6399f73e636bcc363813",
        "type": "github"
      },
      "original": {
        "owner": "nixos",
        "ref": "nixos-unstable",
        "repo": "nixpkgs",
        "type": "github"
      }
    }
  },
  "root": "root",
  "version": 7
}
